
Microsoft Visual Studio Solution File, Format Version 12.00
# Visual Studio 15
VisualStudioVersion = 15.0.26730.16
MinimumVisualStudioVersion = 10.0.40219.1
Project("{FAE04EC0-301F-11D3-BF4B-00C04F79EFBC}") = "Problem 1. Sino The Walker", "Problem 1. Sino The Walker\Problem 1. Sino The Walker.csproj", "{EC9C3325-4A62-44F2-882E-10F736A1989C}"
EndProject
Project("{FAE04EC0-301F-11D3-BF4B-00C04F79EFBC}") = "Problem 2. SoftUni Karaoke", "Problem 2. SoftUni Karaoke\Problem 2. SoftUni Karaoke.csproj", "{C16966C4-0C86-472C-931A-8AE24A35318A}"
EndProject
Project("{FAE04EC0-301F-11D3-BF4B-00C04F79EFBC}") = "Problem 3 – Endurance Rally", "Problem 3 – Endurance Rally\Problem 3 – Endurance Rally.csproj", "{9E437354-9ABD-4323-A38B-09F8FA7B73E1}"
EndProject
Project("{FAE04EC0-301F-11D3-BF4B-00C04F79EFBC}") = "Problem 4 – Winning Ticket", "Problem 4 – Winning Ticket\Problem 4 – Winning Ticket.csproj", "{FE1498CF-666B-4BAD-9041-6F966420B65A}"
EndProject
Global
	GlobalSection(SolutionConfigurationPlatforms) = preSolution
		Debug|Any CPU = Debug|Any CPU
		Release|Any CPU = Release|Any CPU
	EndGlobalSection
	GlobalSection(ProjectConfigurationPlatforms) = postSolution
		{EC9C3325-4A62-44F2-882E-10F736A1989C}.Debug|Any CPU.ActiveCfg = Debug|Any CPU
		{EC9C3325-4A62-44F2-882E-10F736A1989C}.Debug|Any CPU.Build.0 = Debug|Any CPU
		{EC9C3325-4A62-44F2-882E-10F736A1989C}.Release|Any CPU.ActiveCfg = Release|Any CPU
		{EC9C3325-4A62-44F2-882E-10F736A1989C}.Release|Any CPU.Build.0 = Release|Any CPU
		{C16966C4-0C86-472C-931A-8AE24A35318A}.Debug|Any CPU.ActiveCfg = Debug|Any CPU
		{C16966C4-0C86-472C-931A-8AE24A35318A}.Debug|Any CPU.Build.0 = Debug|Any CPU
		{C16966C4-0C86-472C-931A-8AE24A35318A}.Release|Any CPU.ActiveCfg = Release|Any CPU
		{C16966C4-0C86-472C-931A-8AE24A35318A}.Release|Any CPU.Build.0 = Release|Any CPU
		{9E437354-9ABD-4323-A38B-09F8FA7B73E1}.Debug|Any CPU.ActiveCfg = Debug|Any CPU
		{9E437354-9ABD-4323-A38B-09F8FA7B73E1}.Debug|Any CPU.Build.0 = Debug|Any CPU
		{9E437354-9ABD-4323-A38B-09F8FA7B73E1}.Release|Any CPU.ActiveCfg = Release|Any CPU
		{9E437354-9ABD-4323-A38B-09F8FA7B73E1}.Release|Any CPU.Build.0 = Release|Any CPU
		{FE1498CF-666B-4BAD-9041-6F966420B65A}.Debug|Any CPU.ActiveCfg = Debug|Any CPU
		{FE1498CF-666B-4BAD-9041-6F966420B65A}.Debug|Any CPU.Build.0 = Debug|Any CPU
		{FE1498CF-666B-4BAD-9041-6F966420B65A}.Release|Any CPU.ActiveCfg = Release|Any CPU
		{FE1498CF-666B-4BAD-9041-6F966420B65A}.Release|Any CPU.Build.0 = Release|Any CPU
	EndGlobalSection
	GlobalSection(SolutionProperties) = preSolution
		HideSolutionNode = FALSE
	EndGlobalSection
	GlobalSection(ExtensibilityGlobals) = postSolution
		SolutionGuid = {E5F0DD85-0D2E-4E8A-A327-7C59DB5DE38F}
	EndGlobalSection
EndGlobal
