
Microsoft Visual Studio Solution File, Format Version 12.00
# Visual Studio 15
VisualStudioVersion = 15.0.26730.16
MinimumVisualStudioVersion = 10.0.40219.1
Project("{FAE04EC0-301F-11D3-BF4B-00C04F79EFBC}") = "Problem 1. Charity Marathon", "Problem 1. Charity Marathon\Problem 1. Charity Marathon.csproj", "{A5006CBA-277C-472E-8530-C3028578C43F}"
EndProject
Project("{FAE04EC0-301F-11D3-BF4B-00C04F79EFBC}") = "Problem 2. Ladybugs", "Problem 2. Ladybugs\Problem 2. Ladybugs.csproj", "{7EFDFB82-AF44-427A-BA8D-FF7F5F3EDA4B}"
EndProject
Project("{FAE04EC0-301F-11D3-BF4B-00C04F79EFBC}") = "Problem 3 – Nether Realms", "Problem 3 – Nether Realms\Problem 3 – Nether Realms.csproj", "{DA70EB3B-BAF9-42EB-9A80-70AB8D24D6C8}"
EndProject
Project("{FAE04EC0-301F-11D3-BF4B-00C04F79EFBC}") = "Problem 4. Roli - The Coder", "Problem 4. Roli - The Coder\Problem 4. Roli - The Coder.csproj", "{87BD5ACF-9BBA-4C81-BBAD-B035A3325AD7}"
EndProject
Global
	GlobalSection(SolutionConfigurationPlatforms) = preSolution
		Debug|Any CPU = Debug|Any CPU
		Release|Any CPU = Release|Any CPU
	EndGlobalSection
	GlobalSection(ProjectConfigurationPlatforms) = postSolution
		{A5006CBA-277C-472E-8530-C3028578C43F}.Debug|Any CPU.ActiveCfg = Debug|Any CPU
		{A5006CBA-277C-472E-8530-C3028578C43F}.Debug|Any CPU.Build.0 = Debug|Any CPU
		{A5006CBA-277C-472E-8530-C3028578C43F}.Release|Any CPU.ActiveCfg = Release|Any CPU
		{A5006CBA-277C-472E-8530-C3028578C43F}.Release|Any CPU.Build.0 = Release|Any CPU
		{7EFDFB82-AF44-427A-BA8D-FF7F5F3EDA4B}.Debug|Any CPU.ActiveCfg = Debug|Any CPU
		{7EFDFB82-AF44-427A-BA8D-FF7F5F3EDA4B}.Debug|Any CPU.Build.0 = Debug|Any CPU
		{7EFDFB82-AF44-427A-BA8D-FF7F5F3EDA4B}.Release|Any CPU.ActiveCfg = Release|Any CPU
		{7EFDFB82-AF44-427A-BA8D-FF7F5F3EDA4B}.Release|Any CPU.Build.0 = Release|Any CPU
		{DA70EB3B-BAF9-42EB-9A80-70AB8D24D6C8}.Debug|Any CPU.ActiveCfg = Debug|Any CPU
		{DA70EB3B-BAF9-42EB-9A80-70AB8D24D6C8}.Debug|Any CPU.Build.0 = Debug|Any CPU
		{DA70EB3B-BAF9-42EB-9A80-70AB8D24D6C8}.Release|Any CPU.ActiveCfg = Release|Any CPU
		{DA70EB3B-BAF9-42EB-9A80-70AB8D24D6C8}.Release|Any CPU.Build.0 = Release|Any CPU
		{87BD5ACF-9BBA-4C81-BBAD-B035A3325AD7}.Debug|Any CPU.ActiveCfg = Debug|Any CPU
		{87BD5ACF-9BBA-4C81-BBAD-B035A3325AD7}.Debug|Any CPU.Build.0 = Debug|Any CPU
		{87BD5ACF-9BBA-4C81-BBAD-B035A3325AD7}.Release|Any CPU.ActiveCfg = Release|Any CPU
		{87BD5ACF-9BBA-4C81-BBAD-B035A3325AD7}.Release|Any CPU.Build.0 = Release|Any CPU
	EndGlobalSection
	GlobalSection(SolutionProperties) = preSolution
		HideSolutionNode = FALSE
	EndGlobalSection
	GlobalSection(ExtensibilityGlobals) = postSolution
		SolutionGuid = {3B495BDE-1449-456D-9C38-90CBAC060E66}
	EndGlobalSection
EndGlobal
