
Microsoft Visual Studio Solution File, Format Version 12.00
# Visual Studio 15
VisualStudioVersion = 15.0.27004.2002
MinimumVisualStudioVersion = 10.0.40219.1
Project("{FAE04EC0-301F-11D3-BF4B-00C04F79EFBC}") = "01. Sweet Dessert", "01. Sweet Dessert\01. Sweet Dessert.csproj", "{77898449-B958-4E19-9A28-C5DD2BD30A97}"
EndProject
Project("{FAE04EC0-301F-11D3-BF4B-00C04F79EFBC}") = "02. Array Modifier", "02. Array Modifier\02. Array Modifier.csproj", "{5DE421D6-7E76-40BF-AE60-663D9BE49483}"
EndProject
Project("{FAE04EC0-301F-11D3-BF4B-00C04F79EFBC}") = "03. Target Multiplier", "03. Target Multiplier\03. Target Multiplier.csproj", "{46D6B60E-17AE-48C6-9540-843CEFAF5308}"
EndProject
Project("{FAE04EC0-301F-11D3-BF4B-00C04F79EFBC}") = "04. Population Aggregation", "04. Population Aggregation\04. Population Aggregation.csproj", "{E128DEA1-A12F-4FE6-9E65-1A128148E640}"
EndProject
Global
	GlobalSection(SolutionConfigurationPlatforms) = preSolution
		Debug|Any CPU = Debug|Any CPU
		Release|Any CPU = Release|Any CPU
	EndGlobalSection
	GlobalSection(ProjectConfigurationPlatforms) = postSolution
		{77898449-B958-4E19-9A28-C5DD2BD30A97}.Debug|Any CPU.ActiveCfg = Debug|Any CPU
		{77898449-B958-4E19-9A28-C5DD2BD30A97}.Debug|Any CPU.Build.0 = Debug|Any CPU
		{77898449-B958-4E19-9A28-C5DD2BD30A97}.Release|Any CPU.ActiveCfg = Release|Any CPU
		{77898449-B958-4E19-9A28-C5DD2BD30A97}.Release|Any CPU.Build.0 = Release|Any CPU
		{5DE421D6-7E76-40BF-AE60-663D9BE49483}.Debug|Any CPU.ActiveCfg = Debug|Any CPU
		{5DE421D6-7E76-40BF-AE60-663D9BE49483}.Debug|Any CPU.Build.0 = Debug|Any CPU
		{5DE421D6-7E76-40BF-AE60-663D9BE49483}.Release|Any CPU.ActiveCfg = Release|Any CPU
		{5DE421D6-7E76-40BF-AE60-663D9BE49483}.Release|Any CPU.Build.0 = Release|Any CPU
		{46D6B60E-17AE-48C6-9540-843CEFAF5308}.Debug|Any CPU.ActiveCfg = Debug|Any CPU
		{46D6B60E-17AE-48C6-9540-843CEFAF5308}.Debug|Any CPU.Build.0 = Debug|Any CPU
		{46D6B60E-17AE-48C6-9540-843CEFAF5308}.Release|Any CPU.ActiveCfg = Release|Any CPU
		{46D6B60E-17AE-48C6-9540-843CEFAF5308}.Release|Any CPU.Build.0 = Release|Any CPU
		{E128DEA1-A12F-4FE6-9E65-1A128148E640}.Debug|Any CPU.ActiveCfg = Debug|Any CPU
		{E128DEA1-A12F-4FE6-9E65-1A128148E640}.Debug|Any CPU.Build.0 = Debug|Any CPU
		{E128DEA1-A12F-4FE6-9E65-1A128148E640}.Release|Any CPU.ActiveCfg = Release|Any CPU
		{E128DEA1-A12F-4FE6-9E65-1A128148E640}.Release|Any CPU.Build.0 = Release|Any CPU
	EndGlobalSection
	GlobalSection(SolutionProperties) = preSolution
		HideSolutionNode = FALSE
	EndGlobalSection
	GlobalSection(ExtensibilityGlobals) = postSolution
		SolutionGuid = {1B7BF10F-D225-4D98-A573-7998B46E6B12}
	EndGlobalSection
EndGlobal
