
Microsoft Visual Studio Solution File, Format Version 12.00
# Visual Studio 15
VisualStudioVersion = 15.0.27004.2002
MinimumVisualStudioVersion = 10.0.40219.1
Project("{FAE04EC0-301F-11D3-BF4B-00C04F79EFBC}") = "Problem1", "Problem1\Problem1.csproj", "{FDEFE82D-1207-4923-9519-D9E8AD5F7D2C}"
EndProject
Project("{FAE04EC0-301F-11D3-BF4B-00C04F79EFBC}") = "Problem2", "Problem2\Problem2.csproj", "{A4F5280D-646F-4DEC-AF12-D33AA3649B62}"
EndProject
Project("{FAE04EC0-301F-11D3-BF4B-00C04F79EFBC}") = "Problem3", "Problem3\Problem3.csproj", "{B1139C45-BAFE-483E-B031-8663DD6F39DA}"
EndProject
Project("{FAE04EC0-301F-11D3-BF4B-00C04F79EFBC}") = "Problem4", "Problem4\Problem4.csproj", "{DC3DA247-B0AA-4898-B294-DE008A19D9AD}"
EndProject
Global
	GlobalSection(SolutionConfigurationPlatforms) = preSolution
		Debug|Any CPU = Debug|Any CPU
		Release|Any CPU = Release|Any CPU
	EndGlobalSection
	GlobalSection(ProjectConfigurationPlatforms) = postSolution
		{FDEFE82D-1207-4923-9519-D9E8AD5F7D2C}.Debug|Any CPU.ActiveCfg = Debug|Any CPU
		{FDEFE82D-1207-4923-9519-D9E8AD5F7D2C}.Debug|Any CPU.Build.0 = Debug|Any CPU
		{FDEFE82D-1207-4923-9519-D9E8AD5F7D2C}.Release|Any CPU.ActiveCfg = Release|Any CPU
		{FDEFE82D-1207-4923-9519-D9E8AD5F7D2C}.Release|Any CPU.Build.0 = Release|Any CPU
		{A4F5280D-646F-4DEC-AF12-D33AA3649B62}.Debug|Any CPU.ActiveCfg = Debug|Any CPU
		{A4F5280D-646F-4DEC-AF12-D33AA3649B62}.Debug|Any CPU.Build.0 = Debug|Any CPU
		{A4F5280D-646F-4DEC-AF12-D33AA3649B62}.Release|Any CPU.ActiveCfg = Release|Any CPU
		{A4F5280D-646F-4DEC-AF12-D33AA3649B62}.Release|Any CPU.Build.0 = Release|Any CPU
		{B1139C45-BAFE-483E-B031-8663DD6F39DA}.Debug|Any CPU.ActiveCfg = Debug|Any CPU
		{B1139C45-BAFE-483E-B031-8663DD6F39DA}.Debug|Any CPU.Build.0 = Debug|Any CPU
		{B1139C45-BAFE-483E-B031-8663DD6F39DA}.Release|Any CPU.ActiveCfg = Release|Any CPU
		{B1139C45-BAFE-483E-B031-8663DD6F39DA}.Release|Any CPU.Build.0 = Release|Any CPU
		{DC3DA247-B0AA-4898-B294-DE008A19D9AD}.Debug|Any CPU.ActiveCfg = Debug|Any CPU
		{DC3DA247-B0AA-4898-B294-DE008A19D9AD}.Debug|Any CPU.Build.0 = Debug|Any CPU
		{DC3DA247-B0AA-4898-B294-DE008A19D9AD}.Release|Any CPU.ActiveCfg = Release|Any CPU
		{DC3DA247-B0AA-4898-B294-DE008A19D9AD}.Release|Any CPU.Build.0 = Release|Any CPU
	EndGlobalSection
	GlobalSection(SolutionProperties) = preSolution
		HideSolutionNode = FALSE
	EndGlobalSection
	GlobalSection(ExtensibilityGlobals) = postSolution
		SolutionGuid = {83820AE1-03B4-4D2A-BB4E-B22BCD1FB914}
	EndGlobalSection
EndGlobal
