
Microsoft Visual Studio Solution File, Format Version 12.00
# Visual Studio 15
VisualStudioVersion = 15.0.27004.2002
MinimumVisualStudioVersion = 10.0.40219.1
Project("{FAE04EC0-301F-11D3-BF4B-00C04F79EFBC}") = "01. Sino  The Walker", "01. Sino  The Walker\01. Sino  The Walker.csproj", "{8CE997C6-B470-4E2C-AB39-694C520B95A4}"
EndProject
Project("{FAE04EC0-301F-11D3-BF4B-00C04F79EFBC}") = "02. SoftUni Karaoke", "02. SoftUni Karaoke\02. SoftUni Karaoke.csproj", "{AD45D855-20CB-40AA-8751-0178940AD852}"
EndProject
Project("{FAE04EC0-301F-11D3-BF4B-00C04F79EFBC}") = "03. Endurance Rally", "03. Endurance Rally\03. Endurance Rally.csproj", "{86CF15E6-0916-4A30-833A-F508C6DEC70D}"
EndProject
Project("{FAE04EC0-301F-11D3-BF4B-00C04F79EFBC}") = "04. Winning Ticket", "04. Winning Ticket\04. Winning Ticket.csproj", "{1044285C-75CE-40FE-A18C-0877A45A2D01}"
EndProject
Global
	GlobalSection(SolutionConfigurationPlatforms) = preSolution
		Debug|Any CPU = Debug|Any CPU
		Release|Any CPU = Release|Any CPU
	EndGlobalSection
	GlobalSection(ProjectConfigurationPlatforms) = postSolution
		{8CE997C6-B470-4E2C-AB39-694C520B95A4}.Debug|Any CPU.ActiveCfg = Debug|Any CPU
		{8CE997C6-B470-4E2C-AB39-694C520B95A4}.Debug|Any CPU.Build.0 = Debug|Any CPU
		{8CE997C6-B470-4E2C-AB39-694C520B95A4}.Release|Any CPU.ActiveCfg = Release|Any CPU
		{8CE997C6-B470-4E2C-AB39-694C520B95A4}.Release|Any CPU.Build.0 = Release|Any CPU
		{AD45D855-20CB-40AA-8751-0178940AD852}.Debug|Any CPU.ActiveCfg = Debug|Any CPU
		{AD45D855-20CB-40AA-8751-0178940AD852}.Debug|Any CPU.Build.0 = Debug|Any CPU
		{AD45D855-20CB-40AA-8751-0178940AD852}.Release|Any CPU.ActiveCfg = Release|Any CPU
		{AD45D855-20CB-40AA-8751-0178940AD852}.Release|Any CPU.Build.0 = Release|Any CPU
		{86CF15E6-0916-4A30-833A-F508C6DEC70D}.Debug|Any CPU.ActiveCfg = Debug|Any CPU
		{86CF15E6-0916-4A30-833A-F508C6DEC70D}.Debug|Any CPU.Build.0 = Debug|Any CPU
		{86CF15E6-0916-4A30-833A-F508C6DEC70D}.Release|Any CPU.ActiveCfg = Release|Any CPU
		{86CF15E6-0916-4A30-833A-F508C6DEC70D}.Release|Any CPU.Build.0 = Release|Any CPU
		{1044285C-75CE-40FE-A18C-0877A45A2D01}.Debug|Any CPU.ActiveCfg = Debug|Any CPU
		{1044285C-75CE-40FE-A18C-0877A45A2D01}.Debug|Any CPU.Build.0 = Debug|Any CPU
		{1044285C-75CE-40FE-A18C-0877A45A2D01}.Release|Any CPU.ActiveCfg = Release|Any CPU
		{1044285C-75CE-40FE-A18C-0877A45A2D01}.Release|Any CPU.Build.0 = Release|Any CPU
	EndGlobalSection
	GlobalSection(SolutionProperties) = preSolution
		HideSolutionNode = FALSE
	EndGlobalSection
	GlobalSection(ExtensibilityGlobals) = postSolution
		SolutionGuid = {1BD71939-D113-4821-9A9B-5DAE200DA0AF}
	EndGlobalSection
EndGlobal
