
Microsoft Visual Studio Solution File, Format Version 12.00
# Visual Studio 15
VisualStudioVersion = 15.0.26730.15
MinimumVisualStudioVersion = 10.0.40219.1
Project("{FAE04EC0-301F-11D3-BF4B-00C04F79EFBC}") = "1. Censorship", "ConsoleApp1\1. Censorship.csproj", "{BA81BA09-7298-4C4D-922A-2ECED0E4E480}"
EndProject
Project("{FAE04EC0-301F-11D3-BF4B-00C04F79EFBC}") = "2. Email Me", "2. Email Me\2. Email Me.csproj", "{D0158286-7B55-4827-ABCD-BAC9F1D2F85E}"
EndProject
Project("{FAE04EC0-301F-11D3-BF4B-00C04F79EFBC}") = "3. Karate Strings", "3. Karate Strings\3. Karate Strings.csproj", "{1B4D1E50-17B2-4DE6-839B-AB7135476F0E}"
EndProject
Project("{FAE04EC0-301F-11D3-BF4B-00C04F79EFBC}") = "4. Morse Code Upgraded", "4. Morse Code Upgraded\4. Morse Code Upgraded.csproj", "{ECB459F1-7E87-4CCE-A1C9-60AB4DBF93E0}"
EndProject
Project("{FAE04EC0-301F-11D3-BF4B-00C04F79EFBC}") = "5. Only Letters", "5. Only Letters\5. Only Letters.csproj", "{505B7B0C-DA20-4E4F-9D79-5241CD408DED}"
EndProject
Project("{FAE04EC0-301F-11D3-BF4B-00C04F79EFBC}") = "6. Email Statistics", "6. Email Statistics\6. Email Statistics.csproj", "{EBA1B375-6E71-474F-9BFC-AB40C292288E}"
EndProject
Project("{FAE04EC0-301F-11D3-BF4B-00C04F79EFBC}") = "8. Mines", "8. Mines\8. Mines.csproj", "{350D44EB-3A7F-49DE-B325-1338763763A5}"
EndProject
Project("{FAE04EC0-301F-11D3-BF4B-00C04F79EFBC}") = "7. Hideout", "7. Hideout\7. Hideout.csproj", "{F0B700EB-7EEE-404D-B8BF-F7054236EAEF}"
EndProject
Global
	GlobalSection(SolutionConfigurationPlatforms) = preSolution
		Debug|Any CPU = Debug|Any CPU
		Release|Any CPU = Release|Any CPU
	EndGlobalSection
	GlobalSection(ProjectConfigurationPlatforms) = postSolution
		{BA81BA09-7298-4C4D-922A-2ECED0E4E480}.Debug|Any CPU.ActiveCfg = Debug|Any CPU
		{BA81BA09-7298-4C4D-922A-2ECED0E4E480}.Debug|Any CPU.Build.0 = Debug|Any CPU
		{BA81BA09-7298-4C4D-922A-2ECED0E4E480}.Release|Any CPU.ActiveCfg = Release|Any CPU
		{BA81BA09-7298-4C4D-922A-2ECED0E4E480}.Release|Any CPU.Build.0 = Release|Any CPU
		{D0158286-7B55-4827-ABCD-BAC9F1D2F85E}.Debug|Any CPU.ActiveCfg = Debug|Any CPU
		{D0158286-7B55-4827-ABCD-BAC9F1D2F85E}.Debug|Any CPU.Build.0 = Debug|Any CPU
		{D0158286-7B55-4827-ABCD-BAC9F1D2F85E}.Release|Any CPU.ActiveCfg = Release|Any CPU
		{D0158286-7B55-4827-ABCD-BAC9F1D2F85E}.Release|Any CPU.Build.0 = Release|Any CPU
		{1B4D1E50-17B2-4DE6-839B-AB7135476F0E}.Debug|Any CPU.ActiveCfg = Debug|Any CPU
		{1B4D1E50-17B2-4DE6-839B-AB7135476F0E}.Debug|Any CPU.Build.0 = Debug|Any CPU
		{1B4D1E50-17B2-4DE6-839B-AB7135476F0E}.Release|Any CPU.ActiveCfg = Release|Any CPU
		{1B4D1E50-17B2-4DE6-839B-AB7135476F0E}.Release|Any CPU.Build.0 = Release|Any CPU
		{ECB459F1-7E87-4CCE-A1C9-60AB4DBF93E0}.Debug|Any CPU.ActiveCfg = Debug|Any CPU
		{ECB459F1-7E87-4CCE-A1C9-60AB4DBF93E0}.Debug|Any CPU.Build.0 = Debug|Any CPU
		{ECB459F1-7E87-4CCE-A1C9-60AB4DBF93E0}.Release|Any CPU.ActiveCfg = Release|Any CPU
		{ECB459F1-7E87-4CCE-A1C9-60AB4DBF93E0}.Release|Any CPU.Build.0 = Release|Any CPU
		{505B7B0C-DA20-4E4F-9D79-5241CD408DED}.Debug|Any CPU.ActiveCfg = Debug|Any CPU
		{505B7B0C-DA20-4E4F-9D79-5241CD408DED}.Debug|Any CPU.Build.0 = Debug|Any CPU
		{505B7B0C-DA20-4E4F-9D79-5241CD408DED}.Release|Any CPU.ActiveCfg = Release|Any CPU
		{505B7B0C-DA20-4E4F-9D79-5241CD408DED}.Release|Any CPU.Build.0 = Release|Any CPU
		{EBA1B375-6E71-474F-9BFC-AB40C292288E}.Debug|Any CPU.ActiveCfg = Debug|Any CPU
		{EBA1B375-6E71-474F-9BFC-AB40C292288E}.Debug|Any CPU.Build.0 = Debug|Any CPU
		{EBA1B375-6E71-474F-9BFC-AB40C292288E}.Release|Any CPU.ActiveCfg = Release|Any CPU
		{EBA1B375-6E71-474F-9BFC-AB40C292288E}.Release|Any CPU.Build.0 = Release|Any CPU
		{350D44EB-3A7F-49DE-B325-1338763763A5}.Debug|Any CPU.ActiveCfg = Debug|Any CPU
		{350D44EB-3A7F-49DE-B325-1338763763A5}.Debug|Any CPU.Build.0 = Debug|Any CPU
		{350D44EB-3A7F-49DE-B325-1338763763A5}.Release|Any CPU.ActiveCfg = Release|Any CPU
		{350D44EB-3A7F-49DE-B325-1338763763A5}.Release|Any CPU.Build.0 = Release|Any CPU
		{F0B700EB-7EEE-404D-B8BF-F7054236EAEF}.Debug|Any CPU.ActiveCfg = Debug|Any CPU
		{F0B700EB-7EEE-404D-B8BF-F7054236EAEF}.Debug|Any CPU.Build.0 = Debug|Any CPU
		{F0B700EB-7EEE-404D-B8BF-F7054236EAEF}.Release|Any CPU.ActiveCfg = Release|Any CPU
		{F0B700EB-7EEE-404D-B8BF-F7054236EAEF}.Release|Any CPU.Build.0 = Release|Any CPU
	EndGlobalSection
	GlobalSection(SolutionProperties) = preSolution
		HideSolutionNode = FALSE
	EndGlobalSection
	GlobalSection(ExtensibilityGlobals) = postSolution
		SolutionGuid = {7CCDABB1-070B-4E85-9D2F-EE27070E4688}
	EndGlobalSection
EndGlobal
