
Microsoft Visual Studio Solution File, Format Version 12.00
# Visual Studio 15
VisualStudioVersion = 15.0.27130.2036
MinimumVisualStudioVersion = 10.0.40219.1
Project("{9A19103F-16F7-4668-BE54-9A1E7A4F7556}") = "DungeonsAndCodeWizards", "DungeonsAndCodeWizards.csproj", "{FFA031DE-4994-4406-AD13-3A4CA5706239}"
EndProject
Global
	GlobalSection(SolutionConfigurationPlatforms) = preSolution
		Debug|Any CPU = Debug|Any CPU
		Release|Any CPU = Release|Any CPU
	EndGlobalSection
	GlobalSection(ProjectConfigurationPlatforms) = postSolution
		{FFA031DE-4994-4406-AD13-3A4CA5706239}.Debug|Any CPU.ActiveCfg = Debug|Any CPU
		{FFA031DE-4994-4406-AD13-3A4CA5706239}.Debug|Any CPU.Build.0 = Debug|Any CPU
		{FFA031DE-4994-4406-AD13-3A4CA5706239}.Release|Any CPU.ActiveCfg = Release|Any CPU
		{FFA031DE-4994-4406-AD13-3A4CA5706239}.Release|Any CPU.Build.0 = Release|Any CPU
	EndGlobalSection
	GlobalSection(SolutionProperties) = preSolution
		HideSolutionNode = FALSE
	EndGlobalSection
	GlobalSection(ExtensibilityGlobals) = postSolution
		SolutionGuid = {69CD44C5-D4AB-40C0-A36F-BA623F4A0D01}
	EndGlobalSection
EndGlobal
