
Microsoft Visual Studio Solution File, Format Version 12.00
# Visual Studio 15
VisualStudioVersion = 15.0.26730.15
MinimumVisualStudioVersion = 10.0.40219.1
Project("{FAE04EC0-301F-11D3-BF4B-00C04F79EFBC}") = "1. Count Working Days", "1. Count Working Days\1. Count Working Days.csproj", "{45A8090B-8E86-4589-841B-48B16087CE4F}"
EndProject
Project("{FAE04EC0-301F-11D3-BF4B-00C04F79EFBC}") = "2. Advertisement Message", "2. Advertisement Message\2. Advertisement Message.csproj", "{96BDCD90-30F0-473C-B268-EBC728B77C82}"
EndProject
Project("{FAE04EC0-301F-11D3-BF4B-00C04F79EFBC}") = "3. Intersection of Circles", "3. Intersection of Circles\3. Intersection of Circles.csproj", "{976F9D6B-3FB0-4726-93AF-06DF56D204F8}"
EndProject
Project("{FAE04EC0-301F-11D3-BF4B-00C04F79EFBC}") = "4. Average Grades", "4. Average Grades\4. Average Grades.csproj", "{207A902E-60EC-423B-ADCF-422A4B1291FE}"
EndProject
Project("{FAE04EC0-301F-11D3-BF4B-00C04F79EFBC}") = "5. Book Library", "5. Book Library\5. Book Library.csproj", "{01CC3452-6AC1-4452-A94F-5DAA97433C08}"
EndProject
Project("{FAE04EC0-301F-11D3-BF4B-00C04F79EFBC}") = "6. Book Library Modification", "6. Book Library Modification\6. Book Library Modification.csproj", "{7BEB3D58-83D6-4D0D-A933-9CA6D40E0346}"
EndProject
Project("{FAE04EC0-301F-11D3-BF4B-00C04F79EFBC}") = "7. Andrey and Billiard", "7. Andrey and Billiard\7. Andrey and Billiard.csproj", "{88B0ABED-FEB3-460D-9047-12D109572FAB}"
EndProject
Project("{FAE04EC0-301F-11D3-BF4B-00C04F79EFBC}") = "8. Mentor Group", "8. Mentor Group\8. Mentor Group.csproj", "{7892E12B-B848-4884-99AB-0901B1151F92}"
EndProject
Project("{FAE04EC0-301F-11D3-BF4B-00C04F79EFBC}") = "9. Teamwork projects", "9. Teamwork projects\9. Teamwork projects.csproj", "{D4FDAF2A-78E1-4DC6-8307-D908AC22704B}"
EndProject
Project("{FAE04EC0-301F-11D3-BF4B-00C04F79EFBC}") = "10. Student Groups", "10. Student Groups\10. Student Groups.csproj", "{BF0638A5-A1DE-410D-9719-EA874B6DA6CB}"
EndProject
Global
	GlobalSection(SolutionConfigurationPlatforms) = preSolution
		Debug|Any CPU = Debug|Any CPU
		Release|Any CPU = Release|Any CPU
	EndGlobalSection
	GlobalSection(ProjectConfigurationPlatforms) = postSolution
		{45A8090B-8E86-4589-841B-48B16087CE4F}.Debug|Any CPU.ActiveCfg = Debug|Any CPU
		{45A8090B-8E86-4589-841B-48B16087CE4F}.Debug|Any CPU.Build.0 = Debug|Any CPU
		{45A8090B-8E86-4589-841B-48B16087CE4F}.Release|Any CPU.ActiveCfg = Release|Any CPU
		{45A8090B-8E86-4589-841B-48B16087CE4F}.Release|Any CPU.Build.0 = Release|Any CPU
		{96BDCD90-30F0-473C-B268-EBC728B77C82}.Debug|Any CPU.ActiveCfg = Debug|Any CPU
		{96BDCD90-30F0-473C-B268-EBC728B77C82}.Debug|Any CPU.Build.0 = Debug|Any CPU
		{96BDCD90-30F0-473C-B268-EBC728B77C82}.Release|Any CPU.ActiveCfg = Release|Any CPU
		{96BDCD90-30F0-473C-B268-EBC728B77C82}.Release|Any CPU.Build.0 = Release|Any CPU
		{976F9D6B-3FB0-4726-93AF-06DF56D204F8}.Debug|Any CPU.ActiveCfg = Debug|Any CPU
		{976F9D6B-3FB0-4726-93AF-06DF56D204F8}.Debug|Any CPU.Build.0 = Debug|Any CPU
		{976F9D6B-3FB0-4726-93AF-06DF56D204F8}.Release|Any CPU.ActiveCfg = Release|Any CPU
		{976F9D6B-3FB0-4726-93AF-06DF56D204F8}.Release|Any CPU.Build.0 = Release|Any CPU
		{207A902E-60EC-423B-ADCF-422A4B1291FE}.Debug|Any CPU.ActiveCfg = Debug|Any CPU
		{207A902E-60EC-423B-ADCF-422A4B1291FE}.Debug|Any CPU.Build.0 = Debug|Any CPU
		{207A902E-60EC-423B-ADCF-422A4B1291FE}.Release|Any CPU.ActiveCfg = Release|Any CPU
		{207A902E-60EC-423B-ADCF-422A4B1291FE}.Release|Any CPU.Build.0 = Release|Any CPU
		{01CC3452-6AC1-4452-A94F-5DAA97433C08}.Debug|Any CPU.ActiveCfg = Debug|Any CPU
		{01CC3452-6AC1-4452-A94F-5DAA97433C08}.Debug|Any CPU.Build.0 = Debug|Any CPU
		{01CC3452-6AC1-4452-A94F-5DAA97433C08}.Release|Any CPU.ActiveCfg = Release|Any CPU
		{01CC3452-6AC1-4452-A94F-5DAA97433C08}.Release|Any CPU.Build.0 = Release|Any CPU
		{7BEB3D58-83D6-4D0D-A933-9CA6D40E0346}.Debug|Any CPU.ActiveCfg = Debug|Any CPU
		{7BEB3D58-83D6-4D0D-A933-9CA6D40E0346}.Debug|Any CPU.Build.0 = Debug|Any CPU
		{7BEB3D58-83D6-4D0D-A933-9CA6D40E0346}.Release|Any CPU.ActiveCfg = Release|Any CPU
		{7BEB3D58-83D6-4D0D-A933-9CA6D40E0346}.Release|Any CPU.Build.0 = Release|Any CPU
		{88B0ABED-FEB3-460D-9047-12D109572FAB}.Debug|Any CPU.ActiveCfg = Debug|Any CPU
		{88B0ABED-FEB3-460D-9047-12D109572FAB}.Debug|Any CPU.Build.0 = Debug|Any CPU
		{88B0ABED-FEB3-460D-9047-12D109572FAB}.Release|Any CPU.ActiveCfg = Release|Any CPU
		{88B0ABED-FEB3-460D-9047-12D109572FAB}.Release|Any CPU.Build.0 = Release|Any CPU
		{7892E12B-B848-4884-99AB-0901B1151F92}.Debug|Any CPU.ActiveCfg = Debug|Any CPU
		{7892E12B-B848-4884-99AB-0901B1151F92}.Debug|Any CPU.Build.0 = Debug|Any CPU
		{7892E12B-B848-4884-99AB-0901B1151F92}.Release|Any CPU.ActiveCfg = Release|Any CPU
		{7892E12B-B848-4884-99AB-0901B1151F92}.Release|Any CPU.Build.0 = Release|Any CPU
		{D4FDAF2A-78E1-4DC6-8307-D908AC22704B}.Debug|Any CPU.ActiveCfg = Debug|Any CPU
		{D4FDAF2A-78E1-4DC6-8307-D908AC22704B}.Debug|Any CPU.Build.0 = Debug|Any CPU
		{D4FDAF2A-78E1-4DC6-8307-D908AC22704B}.Release|Any CPU.ActiveCfg = Release|Any CPU
		{D4FDAF2A-78E1-4DC6-8307-D908AC22704B}.Release|Any CPU.Build.0 = Release|Any CPU
		{BF0638A5-A1DE-410D-9719-EA874B6DA6CB}.Debug|Any CPU.ActiveCfg = Debug|Any CPU
		{BF0638A5-A1DE-410D-9719-EA874B6DA6CB}.Debug|Any CPU.Build.0 = Debug|Any CPU
		{BF0638A5-A1DE-410D-9719-EA874B6DA6CB}.Release|Any CPU.ActiveCfg = Release|Any CPU
		{BF0638A5-A1DE-410D-9719-EA874B6DA6CB}.Release|Any CPU.Build.0 = Release|Any CPU
	EndGlobalSection
	GlobalSection(SolutionProperties) = preSolution
		HideSolutionNode = FALSE
	EndGlobalSection
	GlobalSection(ExtensibilityGlobals) = postSolution
		SolutionGuid = {92BF5249-98EC-4F0D-A3B0-19E0B959EC35}
	EndGlobalSection
EndGlobal
